
Microsoft Visual Studio Solution File, Format Version 12.00
# Visual Studio Version 16
VisualStudioVersion = 16.0.31229.75
MinimumVisualStudioVersion = 10.0.40219.1
Project("{FAE04EC0-301F-11D3-BF4B-00C04F79EFBC}") = "notepad2019", "notepad2019\notepad2019.csproj", "{2B13C874-E241-476D-8B91-6DEC72A6B0C1}"
EndProject
Global
	GlobalSection(SolutionConfigurationPlatforms) = preSolution
		Debug|Any CPU = Debug|Any CPU
		Release|Any CPU = Release|Any CPU
	EndGlobalSection
	GlobalSection(ProjectConfigurationPlatforms) = postSolution
		{2B13C874-E241-476D-8B91-6DEC72A6B0C1}.Debug|Any CPU.ActiveCfg = Debug|Any CPU
		{2B13C874-E241-476D-8B91-6DEC72A6B0C1}.Debug|Any CPU.Build.0 = Debug|Any CPU
		{2B13C874-E241-476D-8B91-6DEC72A6B0C1}.Release|Any CPU.ActiveCfg = Release|Any CPU
		{2B13C874-E241-476D-8B91-6DEC72A6B0C1}.Release|Any CPU.Build.0 = Release|Any CPU
	EndGlobalSection
	GlobalSection(SolutionProperties) = preSolution
		HideSolutionNode = FALSE
	EndGlobalSection
	GlobalSection(ExtensibilityGlobals) = postSolution
		SolutionGuid = {DEB6CB13-D509-442F-BE34-ECE56268BA46}
	EndGlobalSection
EndGlobal
